PODS:
  - GoogleMaps (3.9.0):
    - GoogleMaps/Maps (= 3.9.0)
  - GoogleMaps/Base (3.9.0)
  - GoogleMaps/Maps (3.9.0):
    - GoogleMaps/Base
  - GooglePlaces (3.9.0):
    - GoogleMaps/Base (= 3.9.0)
  - RxSwift (5.1.1)

DEPENDENCIES:
  - GoogleMaps
  - GooglePlaces
  - RxSwift

SPEC REPOS:
  trunk:
    - GoogleMaps
    - GooglePlaces
    - RxSwift

SPEC CHECKSUMS:
  GoogleMaps: 4b5346bddfe6911bb89155d43c903020170523ac
  GooglePlaces: 1634d019549b969d40fe0ccb0b9513055adebe01
  RxSwift: 81470a2074fa8780320ea5fe4102807cb7118178

PODFILE CHECKSUM: e87165121dbedfcd2bc1de7ca226742423d38e60

COCOAPODS: 1.8.1
